
Microsoft Visual Studio Solution File, Format Version 12.00
# Visual Studio Version 16
VisualStudioVersion = 16.0.32413.511
MinimumVisualStudioVersion = 10.0.40219.1
Project("{FAE04EC0-301F-11D3-BF4B-00C04F79EFBC}") = "Harjoitus", "Harjoitus\Harjoitus.csproj", "{E3C07769-2D1F-4B19-A7DA-8F4D18EFA1E4}"
EndProject
Global
	GlobalSection(SolutionConfigurationPlatforms) = preSolution
		Debug|Any CPU = Debug|Any CPU
		Release|Any CPU = Release|Any CPU
	EndGlobalSection
	GlobalSection(ProjectConfigurationPlatforms) = postSolution
		{E3C07769-2D1F-4B19-A7DA-8F4D18EFA1E4}.Debug|Any CPU.ActiveCfg = Debug|Any CPU
		{E3C07769-2D1F-4B19-A7DA-8F4D18EFA1E4}.Debug|Any CPU.Build.0 = Debug|Any CPU
		{E3C07769-2D1F-4B19-A7DA-8F4D18EFA1E4}.Release|Any CPU.ActiveCfg = Release|Any CPU
		{E3C07769-2D1F-4B19-A7DA-8F4D18EFA1E4}.Release|Any CPU.Build.0 = Release|Any CPU
	EndGlobalSection
	GlobalSection(SolutionProperties) = preSolution
		HideSolutionNode = FALSE
	EndGlobalSection
	GlobalSection(ExtensibilityGlobals) = postSolution
		SolutionGuid = {8F320601-DE15-4841-B373-045F57E2E4CB}
	EndGlobalSection
EndGlobal
